Microsoft Visual Studio Solution File, Format Version 12.00
# Visual Studio Version 17
VisualStudioVersion = 17.0.31903.59
MinimumVisualStudioVersion = 10.0.40219.1
Project("{FAE04EC0-301F-11D3-BF4B-00C04F79EFBC}") = "GarageManagement.Api", "src\GarageManagement.Api\GarageManagement.Api.csproj", "{6B9B6E3B-2C58-4023-9C2A-32590DF98C39}"
EndProject
Project("{FAE04EC0-301F-11D3-BF4B-00C04F79EFBC}") = "GarageManagement.Tests", "tests\GarageManagement.Tests\GarageManagement.Tests.csproj", "{EE419B5A-F8B5-46EF-92D3-0AB201D4042F}"
EndProject
Global
	GlobalSection(SolutionConfigurationPlatforms) = preSolution
		Debug|Any CPU = Debug|Any CPU
		Release|Any CPU = Release|Any CPU
	EndGlobalSection
	GlobalSection(ProjectConfigurationPlatforms) = postSolution
		{6B9B6E3B-2C58-4023-9C2A-32590DF98C39}.Debug|Any CPU.ActiveCfg = Debug|Any CPU
		{6B9B6E3B-2C58-4023-9C2A-32590DF98C39}.Debug|Any CPU.Build.0 = Debug|Any CPU
		{6B9B6E3B-2C58-4023-9C2A-32590DF98C39}.Release|Any CPU.ActiveCfg = Release|Any CPU
		{6B9B6E3B-2C58-4023-9C2A-32590DF98C39}.Release|Any CPU.Build.0 = Release|Any CPU
		{EE419B5A-F8B5-46EF-92D3-0AB201D4042F}.Debug|Any CPU.ActiveCfg = Debug|Any CPU
		{EE419B5A-F8B5-46EF-92D3-0AB201D4042F}.Debug|Any CPU.Build.0 = Debug|Any CPU
		{EE419B5A-F8B5-46EF-92D3-0AB201D4042F}.Release|Any CPU.ActiveCfg = Release|Any CPU
		{EE419B5A-F8B5-46EF-92D3-0AB201D4042F}.Release|Any CPU.Build.0 = Release|Any CPU
	EndGlobalSection
EndGlobal
